
Microsoft Visual Studio Solution File, Format Version 10.00
# Visual Studio 2008
Project("{FAE04EC0-301F-11D3-BF4B-00C04F79EFBC}") = "GameOfLifeMOO", "GameOfLifeMOO\GameOfLifeMOO.csproj", "{0D786F4C-01C6-4158-B5EC-9A54CB5B0108}"
EndProject
Global
	GlobalSection(SolutionConfigurationPlatforms) = preSolution
		Debug|Any CPU = Debug|Any CPU
		Release|Any CPU = Release|Any CPU
	EndGlobalSection
	GlobalSection(ProjectConfigurationPlatforms) = postSolution
		{0D786F4C-01C6-4158-B5EC-9A54CB5B0108}.Debug|Any CPU.ActiveCfg = Debug|Any CPU
		{0D786F4C-01C6-4158-B5EC-9A54CB5B0108}.Debug|Any CPU.Build.0 = Debug|Any CPU
		{0D786F4C-01C6-4158-B5EC-9A54CB5B0108}.Release|Any CPU.ActiveCfg = Release|Any CPU
		{0D786F4C-01C6-4158-B5EC-9A54CB5B0108}.Release|Any CPU.Build.0 = Release|Any CPU
	EndGlobalSection
	GlobalSection(SolutionProperties) = preSolution
		HideSolutionNode = FALSE
	EndGlobalSection
EndGlobal
