
Microsoft Visual Studio Solution File, Format Version 10.00
# Visual Studio 2008
Project("{FAE04EC0-301F-11D3-BF4B-00C04F79EFBC}") = "MessageBasedConcurrency", "MessageBasedConcurrency\MessageBasedConcurrency.csproj", "{EBF73227-ED1C-4BC4-9419-68CEB104F80C}"
EndProject
Project("{FAE04EC0-301F-11D3-BF4B-00C04F79EFBC}") = "GUI", "GUI\GUI.csproj", "{184F72A0-50EF-4840-8618-88196C9D0466}"
EndProject
Global
	GlobalSection(SolutionConfigurationPlatforms) = preSolution
		Debug|Any CPU = Debug|Any CPU
		Release|Any CPU = Release|Any CPU
	EndGlobalSection
	GlobalSection(ProjectConfigurationPlatforms) = postSolution
		{EBF73227-ED1C-4BC4-9419-68CEB104F80C}.Debug|Any CPU.ActiveCfg = Debug|Any CPU
		{EBF73227-ED1C-4BC4-9419-68CEB104F80C}.Debug|Any CPU.Build.0 = Debug|Any CPU
		{EBF73227-ED1C-4BC4-9419-68CEB104F80C}.Release|Any CPU.ActiveCfg = Release|Any CPU
		{EBF73227-ED1C-4BC4-9419-68CEB104F80C}.Release|Any CPU.Build.0 = Release|Any CPU
		{184F72A0-50EF-4840-8618-88196C9D0466}.Debug|Any CPU.ActiveCfg = Debug|Any CPU
		{184F72A0-50EF-4840-8618-88196C9D0466}.Debug|Any CPU.Build.0 = Debug|Any CPU
		{184F72A0-50EF-4840-8618-88196C9D0466}.Release|Any CPU.ActiveCfg = Release|Any CPU
		{184F72A0-50EF-4840-8618-88196C9D0466}.Release|Any CPU.Build.0 = Release|Any CPU
	EndGlobalSection
	GlobalSection(SolutionProperties) = preSolution
		HideSolutionNode = FALSE
	EndGlobalSection
EndGlobal
